// !$*UTF8*$!
{
	archiveVersion = 1;
	classes = {
	};
	objectVersion = 55;
	objects = {

/* Begin PBXBuildFile section */
		B5B513A8291197200045432F /* AppDelegate.swift in Sources */ = {isa = PBXBuildFile; fileRef = B5B513A7291197200045432F /* AppDelegate.swift */; };
		B5B513AA291197200045432F /* SceneDelegate.swift in Sources */ = {isa = PBXBuildFile; fileRef = B5B513A9291197200045432F /* SceneDelegate.swift */; };
		B5B513AC291197200045432F /* ViewController.swift in Sources */ = {isa = PBXBuildFile; fileRef = B5B513AB291197200045432F /* ViewController.swift */; };
		B5B513B1291197210045432F /* Assets.xcassets in Resources */ = {isa = PBXBuildFile; fileRef = B5B513B0291197210045432F /* Assets.xcassets */; };
		B5B513B4291197210045432F /* LaunchScreen.storyboard in Resources */ = {isa = PBXBuildFile; fileRef = B5B513B2291197210045432F /* LaunchScreen.storyboard */; };
		B5B513BD29119D0E0045432F /* Localizable.strings in Resources */ = {isa = PBXBuildFile; fileRef = B5B513BF29119D0E0045432F /* Localizable.strings */; };
		B5B513C329119E520045432F /* Resources.swift in Sources */ = {isa = PBXBuildFile; fileRef = B5B513C229119E520045432F /* Resources.swift */; };
		B5B513C629119E910045432F /* UIColor+ext.swift in Sources */ = {isa = PBXBuildFile; fileRef = B5B513C529119E910045432F /* UIColor+ext.swift */; };
		B5B513C829119EAB0045432F /* String+ext.swift in Sources */ = {isa = PBXBuildFile; fileRef = B5B513C729119EAB0045432F /* String+ext.swift */; };
		B5B513CE2911A14D0045432F /* TopView.swift in Sources */ = {isa = PBXBuildFile; fileRef = B5B513CD2911A14D0045432F /* TopView.swift */; };
		B5B513D02911A1640045432F /* ResultView.swift in Sources */ = {isa = PBXBuildFile; fileRef = B5B513CF2911A1640045432F /* ResultView.swift */; };
		B5B513D22911A1840045432F /* SumCheckView.swift in Sources */ = {isa = PBXBuildFile; fileRef = B5B513D12911A1840045432F /* SumCheckView.swift */; };
		B5B513D42911A1A20045432F /* PersonsCountView.swift in Sources */ = {isa = PBXBuildFile; fileRef = B5B513D32911A1A20045432F /* PersonsCountView.swift */; };
		B5B513D62911A1BD0045432F /* TipsView.swift in Sources */ = {isa = PBXBuildFile; fileRef = B5B513D52911A1BD0045432F /* TipsView.swift */; };
		B5B513D82911A1D40045432F /* CalculateButtonView.swift in Sources */ = {isa = PBXBuildFile; fileRef = B5B513D72911A1D40045432F /* CalculateButtonView.swift */; };
		B5B513DB2911A1F90045432F /* TipsCollectionViewCell.swift in Sources */ = {isa = PBXBuildFile; fileRef = B5B513DA2911A1F90045432F /* TipsCollectionViewCell.swift */; };
/* End PBXBuildFile section */

/* Begin PBXFileReference section */
		B5B513A4291197200045432F /* Sawing friendly bill.app */ = {isa = PBXFileReference; explicitFileType = wrapper.application; includeInIndex = 0; path = "Sawing friendly bill.app"; sourceTree = BUILT_PRODUCTS_DIR; };
		B5B513A7291197200045432F /* AppDelegate.swift */ = {isa = PBXFileReference; lastKnownFileType = sourcecode.swift; path = AppDelegate.swift; sourceTree = "<group>"; };
		B5B513A9291197200045432F /* SceneDelegate.swift */ = {isa = PBXFileReference; lastKnownFileType = sourcecode.swift; path = SceneDelegate.swift; sourceTree = "<group>"; };
		B5B513AB291197200045432F /* ViewController.swift */ = {isa = PBXFileReference; lastKnownFileType = sourcecode.swift; path = ViewController.swift; sourceTree = "<group>"; };
		B5B513B0291197210045432F /* Assets.xcassets */ = {isa = PBXFileReference; lastKnownFileType = folder.assetcatalog; path = Assets.xcassets; sourceTree = "<group>"; };
		B5B513B3291197210045432F /* Base */ = {isa = PBXFileReference; lastKnownFileType = file.storyboard; name = Base; path = Base.lproj/LaunchScreen.storyboard; sourceTree = "<group>"; };
		B5B513B5291197210045432F /* Info.plist */ = {isa = PBXFileReference; lastKnownFileType = text.plist.xml; path = Info.plist; sourceTree = "<group>"; };
		B5B513BE29119D0E0045432F /* en */ = {isa = PBXFileReference; lastKnownFileType = text.plist.strings; name = en; path = en.lproj/Localizable.strings; sourceTree = "<group>"; };
		B5B513C029119D6F0045432F /* ru */ = {isa = PBXFileReference; lastKnownFileType = text.plist.strings; name = ru; path = ru.lproj/Localizable.strings; sourceTree = "<group>"; };
		B5B513C229119E520045432F /* Resources.swift */ = {isa = PBXFileReference; lastKnownFileType = sourcecode.swift; path = Resources.swift; sourceTree = "<group>"; };
		B5B513C529119E910045432F /* UIColor+ext.swift */ = {isa = PBXFileReference; lastKnownFileType = sourcecode.swift; path = "UIColor+ext.swift"; sourceTree = "<group>"; };
		B5B513C729119EAB0045432F /* String+ext.swift */ = {isa = PBXFileReference; lastKnownFileType = sourcecode.swift; path = "String+ext.swift"; sourceTree = "<group>"; };
		B5B513CD2911A14D0045432F /* TopView.swift */ = {isa = PBXFileReference; lastKnownFileType = sourcecode.swift; path = TopView.swift; sourceTree = "<group>"; };
		B5B513CF2911A1640045432F /* ResultView.swift */ = {isa = PBXFileReference; lastKnownFileType = sourcecode.swift; path = ResultView.swift; sourceTree = "<group>"; };
		B5B513D12911A1840045432F /* SumCheckView.swift */ = {isa = PBXFileReference; lastKnownFileType = sourcecode.swift; path = SumCheckView.swift; sourceTree = "<group>"; };
		B5B513D32911A1A20045432F /* PersonsCountView.swift */ = {isa = PBXFileReference; lastKnownFileType = sourcecode.swift; path = PersonsCountView.swift; sourceTree = "<group>"; };
		B5B513D52911A1BD0045432F /* TipsView.swift */ = {isa = PBXFileReference; lastKnownFileType = sourcecode.swift; path = TipsView.swift; sourceTree = "<group>"; };
		B5B513D72911A1D40045432F /* CalculateButtonView.swift */ = {isa = PBXFileReference; lastKnownFileType = sourcecode.swift; path = CalculateButtonView.swift; sourceTree = "<group>"; };
		B5B513DA2911A1F90045432F /* TipsCollectionViewCell.swift */ = {isa = PBXFileReference; lastKnownFileType = sourcecode.swift; path = TipsCollectionViewCell.swift; sourceTree = "<group>"; };
/* End PBXFileReference section */

/* Begin PBXFrameworksBuildPhase section */
		B5B513A1291197200045432F /* Frameworks */ = {
			isa = PBXFrameworksBuildPhase;
			buildActionMask = 2147483647;
			files = (
			);
			runOnlyForDeploymentPostprocessing = 0;
		};
/* End PBXFrameworksBuildPhase section */

/* Begin PBXGroup section */
		B5B5139B291197200045432F = {
			isa = PBXGroup;
			children = (
				B5B513A6291197200045432F /* Sawing friendly bill */,
				B5B513A5291197200045432F /* Products */,
			);
			sourceTree = "<group>";
		};
		B5B513A5291197200045432F /* Products */ = {
			isa = PBXGroup;
			children = (
				B5B513A4291197200045432F /* Sawing friendly bill.app */,
			);
			name = Products;
			sourceTree = "<group>";
		};
		B5B513A6291197200045432F /* Sawing friendly bill */ = {
			isa = PBXGroup;
			children = (
				B5B513CC2911A1410045432F /* Views */,
				B5B513AB291197200045432F /* ViewController.swift */,
				B5B513B0291197210045432F /* Assets.xcassets */,
				B5B513B2291197210045432F /* LaunchScreen.storyboard */,
				B5B513B5291197210045432F /* Info.plist */,
				B5B513C929119FDD0045432F /* App */,
				B5B513C129119E3F0045432F /* Helpers */,
				B5B513BF29119D0E0045432F /* Localizable.strings */,
			);
			path = "Sawing friendly bill";
			sourceTree = "<group>";
		};
		B5B513C129119E3F0045432F /* Helpers */ = {
			isa = PBXGroup;
			children = (
				B5B513C429119E870045432F /* Extansions */,
				B5B513C229119E520045432F /* Resources.swift */,
			);
			path = Helpers;
			sourceTree = "<group>";
		};
		B5B513C429119E870045432F /* Extansions */ = {
			isa = PBXGroup;
			children = (
				B5B513C529119E910045432F /* UIColor+ext.swift */,
				B5B513C729119EAB0045432F /* String+ext.swift */,
			);
			path = Extansions;
			sourceTree = "<group>";
		};
		B5B513C929119FDD0045432F /* App */ = {
			isa = PBXGroup;
			children = (
				B5B513A7291197200045432F /* AppDelegate.swift */,
				B5B513A9291197200045432F /* SceneDelegate.swift */,
			);
			name = App;
			sourceTree = "<group>";
		};
		B5B513CC2911A1410045432F /* Views */ = {
			isa = PBXGroup;
			children = (
				B5B513D92911A1EE0045432F /* Cell */,
				B5B513CD2911A14D0045432F /* TopView.swift */,
				B5B513CF2911A1640045432F /* ResultView.swift */,
				B5B513D12911A1840045432F /* SumCheckView.swift */,
				B5B513D32911A1A20045432F /* PersonsCountView.swift */,
				B5B513D52911A1BD0045432F /* TipsView.swift */,
				B5B513D72911A1D40045432F /* CalculateButtonView.swift */,
			);
			path = Views;
			sourceTree = "<group>";
		};
		B5B513D92911A1EE0045432F /* Cell */ = {
			isa = PBXGroup;
			children = (
				B5B513DA2911A1F90045432F /* TipsCollectionViewCell.swift */,
			);
			path = Cell;
			sourceTree = "<group>";
		};
/* End PBXGroup section */

/* Begin PBXNativeTarget section */
		B5B513A3291197200045432F /* Sawing friendly bill */ = {
			isa = PBXNativeTarget;
			buildConfigurationList = B5B513B8291197210045432F /* Build configuration list for PBXNativeTarget "Sawing friendly bill" */;
			buildPhases = (
				B5B513A0291197200045432F /* Sources */,
				B5B513A1291197200045432F /* Frameworks */,
				B5B513A2291197200045432F /* Resources */,
			);
			buildRules = (
			);
			dependencies = (
			);
			name = "Sawing friendly bill";
			productName = "Split Bill";
			productReference = B5B513A4291197200045432F /* Sawing friendly bill.app */;
			productType = "com.apple.product-type.application";
		};
/* End PBXNativeTarget section */

/* Begin PBXProject section */
		B5B5139C291197200045432F /* Project object */ = {
			isa = PBXProject;
			attributes = {
				BuildIndependentTargetsInParallel = 1;
				LastSwiftUpdateCheck = 1340;
				LastUpgradeCheck = 1340;
				TargetAttributes = {
					B5B513A3291197200045432F = {
						CreatedOnToolsVersion = 13.4.1;
					};
				};
			};
			buildConfigurationList = B5B5139F291197200045432F /* Build configuration list for PBXProject "Sawing friendly bill" */;
			compatibilityVersion = "Xcode 13.0";
			developmentRegion = en;
			hasScannedForEncodings = 0;
			knownRegions = (
				en,
				Base,
				ru,
			);
			mainGroup = B5B5139B291197200045432F;
			productRefGroup = B5B513A5291197200045432F /* Products */;
			projectDirPath = "";
			projectRoot = "";
			targets = (
				B5B513A3291197200045432F /* Sawing friendly bill */,
			);
		};
/* End PBXProject section */

/* Begin PBXResourcesBuildPhase section */
		B5B513A2291197200045432F /* Resources */ = {
			isa = PBXResourcesBuildPhase;
			buildActionMask = 2147483647;
			files = (
				B5B513B4291197210045432F /* LaunchScreen.storyboard in Resources */,
				B5B513BD29119D0E0045432F /* Localizable.strings in Resources */,
				B5B513B1291197210045432F /* Assets.xcassets in Resources */,
			);
			runOnlyForDeploymentPostprocessing = 0;
		};
/* End PBXResourcesBuildPhase section */

/* Begin PBXSourcesBuildPhase section */
		B5B513A0291197200045432F /* Sources */ = {
			isa = PBXSourcesBuildPhase;
			buildActionMask = 2147483647;
			files = (
				B5B513CE2911A14D0045432F /* TopView.swift in Sources */,
				B5B513D22911A1840045432F /* SumCheckView.swift in Sources */,
				B5B513AC291197200045432F /* ViewController.swift in Sources */,
				B5B513D82911A1D40045432F /* CalculateButtonView.swift in Sources */,
				B5B513D42911A1A20045432F /* PersonsCountView.swift in Sources */,
				B5B513C329119E520045432F /* Resources.swift in Sources */,
				B5B513D62911A1BD0045432F /* TipsView.swift in Sources */,
				B5B513A8291197200045432F /* AppDelegate.swift in Sources */,
				B5B513DB2911A1F90045432F /* TipsCollectionViewCell.swift in Sources */,
				B5B513AA291197200045432F /* SceneDelegate.swift in Sources */,
				B5B513D02911A1640045432F /* ResultView.swift in Sources */,
				B5B513C829119EAB0045432F /* String+ext.swift in Sources */,
				B5B513C629119E910045432F /* UIColor+ext.swift in Sources */,
			);
			runOnlyForDeploymentPostprocessing = 0;
		};
/* End PBXSourcesBuildPhase section */

/* Begin PBXVariantGroup section */
		B5B513B2291197210045432F /* LaunchScreen.storyboard */ = {
			isa = PBXVariantGroup;
			children = (
				B5B513B3291197210045432F /* Base */,
			);
			name = LaunchScreen.storyboard;
			sourceTree = "<group>";
		};
		B5B513BF29119D0E0045432F /* Localizable.strings */ = {
			isa = PBXVariantGroup;
			children = (
				B5B513BE29119D0E0045432F /* en */,
				B5B513C029119D6F0045432F /* ru */,
			);
			name = Localizable.strings;
			sourceTree = "<group>";
		};
/* End PBXVariantGroup section */

/* Begin XCBuildConfiguration section */
		B5B513B6291197210045432F /* Debug */ = {
			isa = XCBuildConfiguration;
			buildSettings = {
				ALWAYS_SEARCH_USER_PATHS = NO;
				CLANG_ANALYZER_LOCALIZABILITY_NONLOCALIZED = YES;
				CLANG_ANALYZER_NONNULL = YES;
				CLANG_ANALYZER_NUMBER_OBJECT_CONVERSION = YES_AGGRESSIVE;
				CLANG_CXX_LANGUAGE_STANDARD = "gnu++17";
				CLANG_ENABLE_MODULES = YES;
				CLANG_ENABLE_OBJC_ARC = YES;
				CLANG_ENABLE_OBJC_WEAK = YES;
				CLANG_WARN_BLOCK_CAPTURE_AUTORELEASING = YES;
				CLANG_WARN_BOOL_CONVERSION = YES;
				CLANG_WARN_COMMA = YES;
				CLANG_WARN_CONSTANT_CONVERSION = YES;
				CLANG_WARN_DEPRECATED_OBJC_IMPLEMENTATIONS = YES;
				CLANG_WARN_DIRECT_OBJC_ISA_USAGE = YES_ERROR;
				CLANG_WARN_DOCUMENTATION_COMMENTS = YES;
				CLANG_WARN_EMPTY_BODY = YES;
				CLANG_WARN_ENUM_CONVERSION = YES;
				CLANG_WARN_INFINITE_RECURSION = YES;
				CLANG_WARN_INT_CONVERSION = YES;
				CLANG_WARN_NON_LITERAL_NULL_CONVERSION = YES;
				CLANG_WARN_OBJC_IMPLICIT_RETAIN_SELF = YES;
				CLANG_WARN_OBJC_LITERAL_CONVERSION = YES;
				CLANG_WARN_OBJC_ROOT_CLASS = YES_ERROR;
				CLANG_WARN_QUOTED_INCLUDE_IN_FRAMEWORK_HEADER = YES;
				CLANG_WARN_RANGE_LOOP_ANALYSIS = YES;
				CLANG_WARN_STRICT_PROTOTYPES = YES;
				CLANG_WARN_SUSPICIOUS_MOVE = YES;
				CLANG_WARN_UNGUARDED_AVAILABILITY = YES_AGGRESSIVE;
				CLANG_WARN_UNREACHABLE_CODE = YES;
				CLANG_WARN__DUPLICATE_METHOD_MATCH = YES;
				COPY_PHASE_STRIP = NO;
				DEBUG_INFORMATION_FORMAT = dwarf;
				ENABLE_STRICT_OBJC_MSGSEND = YES;
				ENABLE_TESTABILITY = YES;
				GCC_C_LANGUAGE_STANDARD = gnu11;
				GCC_DYNAMIC_NO_PIC = NO;
				GCC_NO_COMMON_BLOCKS = YES;
				GCC_OPTIMIZATION_LEVEL = 0;
				GCC_PREPROCESSOR_DEFINITIONS = (
					"DEBUG=1",
					"$(inherited)",
				);
				GCC_WARN_64_TO_32_BIT_CONVERSION = YES;
				GCC_WARN_ABOUT_RETURN_TYPE = YES_ERROR;
				GCC_WARN_UNDECLARED_SELECTOR = YES;
				GCC_WARN_UNINITIALIZED_AUTOS = YES_AGGRESSIVE;
				GCC_WARN_UNUSED_FUNCTION = YES;
				GCC_WARN_UNUSED_VARIABLE = YES;
				IPHONEOS_DEPLOYMENT_TARGET = 13.0;
				MTL_ENABLE_DEBUG_INFO = INCLUDE_SOURCE;
				MTL_FAST_MATH = YES;
				ONLY_ACTIVE_ARCH = YES;
				SDKROOT = iphoneos;
				SWIFT_ACTIVE_COMPILATION_CONDITIONS = DEBUG;
				SWIFT_OPTIMIZATION_LEVEL = "-Onone";
			};
			name = Debug;
		};
		B5B513B7291197210045432F /* Release */ = {
			isa = XCBuildConfiguration;
			buildSettings = {
				ALWAYS_SEARCH_USER_PATHS = NO;
				CLANG_ANALYZER_LOCALIZABILITY_NONLOCALIZED = YES;
				CLANG_ANALYZER_NONNULL = YES;
				CLANG_ANALYZER_NUMBER_OBJECT_CONVERSION = YES_AGGRESSIVE;
				CLANG_CXX_LANGUAGE_STANDARD = "gnu++17";
				CLANG_ENABLE_MODULES = YES;
				CLANG_ENABLE_OBJC_ARC = YES;
				CLANG_ENABLE_OBJC_WEAK = YES;
				CLANG_WARN_BLOCK_CAPTURE_AUTORELEASING = YES;
				CLANG_WARN_BOOL_CONVERSION = YES;
				CLANG_WARN_COMMA = YES;
				CLANG_WARN_CONSTANT_CONVERSION = YES;
				CLANG_WARN_DEPRECATED_OBJC_IMPLEMENTATIONS = YES;
				CLANG_WARN_DIRECT_OBJC_ISA_USAGE = YES_ERROR;
				CLANG_WARN_DOCUMENTATION_COMMENTS = YES;
				CLANG_WARN_EMPTY_BODY = YES;
				CLANG_WARN_ENUM_CONVERSION = YES;
				CLANG_WARN_INFINITE_RECURSION = YES;
				CLANG_WARN_INT_CONVERSION = YES;
				CLANG_WARN_NON_LITERAL_NULL_CONVERSION = YES;
				CLANG_WARN_OBJC_IMPLICIT_RETAIN_SELF = YES;
				CLANG_WARN_OBJC_LITERAL_CONVERSION = YES;
				CLANG_WARN_OBJC_ROOT_CLASS = YES_ERROR;
				CLANG_WARN_QUOTED_INCLUDE_IN_FRAMEWORK_HEADER = YES;
				CLANG_WARN_RANGE_LOOP_ANALYSIS = YES;
				CLANG_WARN_STRICT_PROTOTYPES = YES;
				CLANG_WARN_SUSPICIOUS_MOVE = YES;
				CLANG_WARN_UNGUARDED_AVAILABILITY = YES_AGGRESSIVE;
				CLANG_WARN_UNREACHABLE_CODE = YES;
				CLANG_WARN__DUPLICATE_METHOD_MATCH = YES;
				COPY_PHASE_STRIP = NO;
				DEBUG_INFORMATION_FORMAT = "dwarf-with-dsym";
				ENABLE_NS_ASSERTIONS = NO;
				ENABLE_STRICT_OBJC_MSGSEND = YES;
				GCC_C_LANGUAGE_STANDARD = gnu11;
				GCC_NO_COMMON_BLOCKS = YES;
				GCC_WARN_64_TO_32_BIT_CONVERSION = YES;
				GCC_WARN_ABOUT_RETURN_TYPE = YES_ERROR;
				GCC_WARN_UNDECLARED_SELECTOR = YES;
				GCC_WARN_UNINITIALIZED_AUTOS = YES_AGGRESSIVE;
				GCC_WARN_UNUSED_FUNCTION = YES;
				GCC_WARN_UNUSED_VARIABLE = YES;
				IPHONEOS_DEPLOYMENT_TARGET = 13.0;
				MTL_ENABLE_DEBUG_INFO = NO;
				MTL_FAST_MATH = YES;
				SDKROOT = iphoneos;
				SWIFT_COMPILATION_MODE = wholemodule;
				SWIFT_OPTIMIZATION_LEVEL = "-O";
				VALIDATE_PRODUCT = YES;
			};
			name = Release;
		};
		B5B513B9291197210045432F /* Debug */ = {
			isa = XCBuildConfiguration;
			buildSettings = {
				ASSETCATALOG_COMPILER_APPICON_NAME = AppIcon;
				ASSETCATALOG_COMPILER_GLOBAL_ACCENT_COLOR_NAME = AccentColor;
				CODE_SIGN_IDENTITY = "iPhone Distribution";
				CODE_SIGN_STYLE = Manual;
				CURRENT_PROJECT_VERSION = 1;
				DEVELOPMENT_TEAM = 37FQQ4WXUX;
				GENERATE_INFOPLIST_FILE = YES;
				INFOPLIST_FILE = "Sawing friendly bill/Info.plist";
				INFOPLIST_KEY_CFBundleDisplayName = "Sawing Bill";
				INFOPLIST_KEY_UIApplicationSupportsIndirectInputEvents = YES;
				INFOPLIST_KEY_UILaunchStoryboardName = LaunchScreen;
				INFOPLIST_KEY_UISupportedInterfaceOrientations = UIInterfaceOrientationPortrait;
				INFOPLIST_KEY_UISupportedInterfaceOrientations_iPad = "UIInterfaceOrientationPortrait UIInterfaceOrientationPortraitUpsideDown UIInterfaceOrientationLandscapeLeft UIInterfaceOrientationLandscapeRight";
				INFOPLIST_KEY_UISupportedInterfaceOrientations_iPhone = "UIInterfaceOrientationPortrait UIInterfaceOrientationLandscapeLeft UIInterfaceOrientationLandscapeRight";
				IPHONEOS_DEPLOYMENT_TARGET = 13.0;
				LD_RUNPATH_SEARCH_PATHS = (
					"$(inherited)",
					"@executable_path/Frameworks",
				);
				MARKETING_VERSION = 1.0;
				PRODUCT_BUNDLE_IDENTIFIER = "alexei.poprotskii.Sawing-friendly-bill";
				PRODUCT_NAME = "$(TARGET_NAME)";
				PROVISIONING_PROFILE_SPECIFIER = "Sawing-friendly-bill";
				SWIFT_EMIT_LOC_STRINGS = YES;
				SWIFT_VERSION = 5.0;
				TARGETED_DEVICE_FAMILY = "1,2";
			};
			name = Debug;
		};
		B5B513BA291197210045432F /* Release */ = {
			isa = XCBuildConfiguration;
			buildSettings = {
				ASSETCATALOG_COMPILER_APPICON_NAME = AppIcon;
				ASSETCATALOG_COMPILER_GLOBAL_ACCENT_COLOR_NAME = AccentColor;
				CODE_SIGN_IDENTITY = "iPhone Distribution";
				CODE_SIGN_STYLE = Manual;
				CURRENT_PROJECT_VERSION = 1;
				DEVELOPMENT_TEAM = 37FQQ4WXUX;
				GENERATE_INFOPLIST_FILE = YES;
				INFOPLIST_FILE = "Sawing friendly bill/Info.plist";
				INFOPLIST_KEY_CFBundleDisplayName = "Sawing Bill";
				INFOPLIST_KEY_UIApplicationSupportsIndirectInputEvents = YES;
				INFOPLIST_KEY_UILaunchStoryboardName = LaunchScreen;
				INFOPLIST_KEY_UISupportedInterfaceOrientations = UIInterfaceOrientationPortrait;
				INFOPLIST_KEY_UISupportedInterfaceOrientations_iPad = "UIInterfaceOrientationPortrait UIInterfaceOrientationPortraitUpsideDown UIInterfaceOrientationLandscapeLeft UIInterfaceOrientationLandscapeRight";
				INFOPLIST_KEY_UISupportedInterfaceOrientations_iPhone = "UIInterfaceOrientationPortrait UIInterfaceOrientationLandscapeLeft UIInterfaceOrientationLandscapeRight";
				IPHONEOS_DEPLOYMENT_TARGET = 13.0;
				LD_RUNPATH_SEARCH_PATHS = (
					"$(inherited)",
					"@executable_path/Frameworks",
				);
				MARKETING_VERSION = 1.0;
				PRODUCT_BUNDLE_IDENTIFIER = "alexei.poprotskii.Sawing-friendly-bill";
				PRODUCT_NAME = "$(TARGET_NAME)";
				PROVISIONING_PROFILE_SPECIFIER = "Sawing-friendly-bill";
				SWIFT_EMIT_LOC_STRINGS = YES;
				SWIFT_VERSION = 5.0;
				TARGETED_DEVICE_FAMILY = "1,2";
			};
			name = Release;
		};
/* End XCBuildConfiguration section */

/* Begin XCConfigurationList section */
		B5B5139F291197200045432F /* Build configuration list for PBXProject "Sawing friendly bill" */ = {
			isa = XCConfigurationList;
			buildConfigurations = (
				B5B513B6291197210045432F /* Debug */,
				B5B513B7291197210045432F /* Release */,
			);
			defaultConfigurationIsVisible = 0;
			defaultConfigurationName = Release;
		};
		B5B513B8291197210045432F /* Build configuration list for PBXNativeTarget "Sawing friendly bill" */ = {
			isa = XCConfigurationList;
			buildConfigurations = (
				B5B513B9291197210045432F /* Debug */,
				B5B513BA291197210045432F /* Release */,
			);
			defaultConfigurationIsVisible = 0;
			defaultConfigurationName = Release;
		};
/* End XCConfigurationList section */
	};
	rootObject = B5B5139C291197200045432F /* Project object */;
}
